// !$*UTF8*$!
{
	archiveVersion = 1;
	classes = {
	};
	objectVersion = 55;
	objects = {

/* Begin PBXBuildFile section */
		B70F1712280B8E6A00B3114A /* AppDelegate.swift in Sources */ = {isa = PBXBuildFile; fileRef = B70F1711280B8E6A00B3114A /* AppDelegate.swift */; };
		B70F1714280B8E6A00B3114A /* SceneDelegate.swift in Sources */ = {isa = PBXBuildFile; fileRef = B70F1713280B8E6A00B3114A /* SceneDelegate.swift */; };
		B70F1716280B8E6A00B3114A /* ViewController.swift in Sources */ = {isa = PBXBuildFile; fileRef = B70F1715280B8E6A00B3114A /* ViewController.swift */; };
		B70F1719280B8E6A00B3114A /* Main.storyboard in Resources */ = {isa = PBXBuildFile; fileRef = B70F1717280B8E6A00B3114A /* Main.storyboard */; };
		B70F171B280B8E6E00B3114A /* Assets.xcassets in Resources */ = {isa = PBXBuildFile; fileRef = B70F171A280B8E6E00B3114A /* Assets.xcassets */; };
		B70F171E280B8E6E00B3114A /* LaunchScreen.storyboard in Resources */ = {isa = PBXBuildFile; fileRef = B70F171C280B8E6E00B3114A /* LaunchScreen.storyboard */; };
		B70F1729280B8E6E00B3114A /* PreworkTests.swift in Sources */ = {isa = PBXBuildFile; fileRef = B70F1728280B8E6E00B3114A /* PreworkTests.swift */; };
		B70F1733280B8E6E00B3114A /* PreworkUITests.swift in Sources */ = {isa = PBXBuildFile; fileRef = B70F1732280B8E6E00B3114A /* PreworkUITests.swift */; };
		B70F1735280B8E6E00B3114A /* PreworkUITestsLaunchTests.swift in Sources */ = {isa = PBXBuildFile; fileRef = B70F1734280B8E6E00B3114A /* PreworkUITestsLaunchTests.swift */; };
/* End PBXBuildFile section */

/* Begin PBXContainerItemProxy section */
		B70F1725280B8E6E00B3114A /* PBXContainerItemProxy */ = {
			isa = PBXContainerItemProxy;
			containerPortal = B70F1706280B8E6A00B3114A /* Project object */;
			proxyType = 1;
			remoteGlobalIDString = B70F170D280B8E6A00B3114A;
			remoteInfo = Prework;
		};
		B70F172F280B8E6E00B3114A /* PBXContainerItemProxy */ = {
			isa = PBXContainerItemProxy;
			containerPortal = B70F1706280B8E6A00B3114A /* Project object */;
			proxyType = 1;
			remoteGlobalIDString = B70F170D280B8E6A00B3114A;
			remoteInfo = Prework;
		};
/* End PBXContainerItemProxy section */

/* Begin PBXFileReference section */
		B70F170E280B8E6A00B3114A /* Prework.app */ = {isa = PBXFileReference; explicitFileType = wrapper.application; includeInIndex = 0; path = Prework.app; sourceTree = BUILT_PRODUCTS_DIR; };
		B70F1711280B8E6A00B3114A /* AppDelegate.swift */ = {isa = PBXFileReference; lastKnownFileType = sourcecode.swift; path = AppDelegate.swift; sourceTree = "<group>"; };
		B70F1713280B8E6A00B3114A /* SceneDelegate.swift */ = {isa = PBXFileReference; lastKnownFileType = sourcecode.swift; path = SceneDelegate.swift; sourceTree = "<group>"; };
		B70F1715280B8E6A00B3114A /* ViewController.swift */ = {isa = PBXFileReference; lastKnownFileType = sourcecode.swift; path = ViewController.swift; sourceTree = "<group>"; };
		B70F1718280B8E6A00B3114A /* Base */ = {isa = PBXFileReference; lastKnownFileType = file.storyboard; name = Base; path = Base.lproj/Main.storyboard; sourceTree = "<group>"; };
		B70F171A280B8E6E00B3114A /* Assets.xcassets */ = {isa = PBXFileReference; lastKnownFileType = folder.assetcatalog; path = Assets.xcassets; sourceTree = "<group>"; };
		B70F171D280B8E6E00B3114A /* Base */ = {isa = PBXFileReference; lastKnownFileType = file.storyboard; name = Base; path = Base.lproj/LaunchScreen.storyboard; sourceTree = "<group>"; };
		B70F171F280B8E6E00B3114A /* Info.plist */ = {isa = PBXFileReference; lastKnownFileType = text.plist.xml; path = Info.plist; sourceTree = "<group>"; };
		B70F1724280B8E6E00B3114A /* PreworkTests.xctest */ = {isa = PBXFileReference; explicitFileType = wrapper.cfbundle; includeInIndex = 0; path = PreworkTests.xctest; sourceTree = BUILT_PRODUCTS_DIR; };
		B70F1728280B8E6E00B3114A /* PreworkTests.swift */ = {isa = PBXFileReference; lastKnownFileType = sourcecode.swift; path = PreworkTests.swift; sourceTree = "<group>"; };
		B70F172E280B8E6E00B3114A /* PreworkUITests.xctest */ = {isa = PBXFileReference; explicitFileType = wrapper.cfbundle; includeInIndex = 0; path = PreworkUITests.xctest; sourceTree = BUILT_PRODUCTS_DIR; };
		B70F1732280B8E6E00B3114A /* PreworkUITests.swift */ = {isa = PBXFileReference; lastKnownFileType = sourcecode.swift; path = PreworkUITests.swift; sourceTree = "<group>"; };
		B70F1734280B8E6E00B3114A /* PreworkUITestsLaunchTests.swift */ = {isa = PBXFileReference; lastKnownFileType = sourcecode.swift; path = PreworkUITestsLaunchTests.swift; sourceTree = "<group>"; };
/* End PBXFileReference section */

/* Begin PBXFrameworksBuildPhase section */
		B70F170B280B8E6A00B3114A /* Frameworks */ = {
			isa = PBXFrameworksBuildPhase;
			buildActionMask = 2147483647;
			files = (
			);
			runOnlyForDeploymentPostprocessing = 0;
		};
		B70F1721280B8E6E00B3114A /* Frameworks */ = {
			isa = PBXFrameworksBuildPhase;
			buildActionMask = 2147483647;
			files = (
			);
			runOnlyForDeploymentPostprocessing = 0;
		};
		B70F172B280B8E6E00B3114A /* Frameworks */ = {
			isa = PBXFrameworksBuildPhase;
			buildActionMask = 2147483647;
			files = (
			);
			runOnlyForDeploymentPostprocessing = 0;
		};
/* End PBXFrameworksBuildPhase section */

/* Begin PBXGroup section */
		B70F1705280B8E6A00B3114A = {
			isa = PBXGroup;
			children = (
				B70F1710280B8E6A00B3114A /* Prework */,
				B70F1727280B8E6E00B3114A /* PreworkTests */,
				B70F1731280B8E6E00B3114A /* PreworkUITests */,
				B70F170F280B8E6A00B3114A /* Products */,
			);
			sourceTree = "<group>";
		};
		B70F170F280B8E6A00B3114A /* Products */ = {
			isa = PBXGroup;
			children = (
				B70F170E280B8E6A00B3114A /* Prework.app */,
				B70F1724280B8E6E00B3114A /* PreworkTests.xctest */,
				B70F172E280B8E6E00B3114A /* PreworkUITests.xctest */,
			);
			name = Products;
			sourceTree = "<group>";
		};
		B70F1710280B8E6A00B3114A /* Prework */ = {
			isa = PBXGroup;
			children = (
				B70F1711280B8E6A00B3114A /* AppDelegate.swift */,
				B70F1713280B8E6A00B3114A /* SceneDelegate.swift */,
				B70F1715280B8E6A00B3114A /* ViewController.swift */,
				B70F1717280B8E6A00B3114A /* Main.storyboard */,
				B70F171A280B8E6E00B3114A /* Assets.xcassets */,
				B70F171C280B8E6E00B3114A /* LaunchScreen.storyboard */,
				B70F171F280B8E6E00B3114A /* Info.plist */,
			);
			path = Prework;
			sourceTree = "<group>";
		};
		B70F1727280B8E6E00B3114A /* PreworkTests */ = {
			isa = PBXGroup;
			children = (
				B70F1728280B8E6E00B3114A /* PreworkTests.swift */,
			);
			path = PreworkTests;
			sourceTree = "<group>";
		};
		B70F1731280B8E6E00B3114A /* PreworkUITests */ = {
			isa = PBXGroup;
			children = (
				B70F1732280B8E6E00B3114A /* PreworkUITests.swift */,
				B70F1734280B8E6E00B3114A /* PreworkUITestsLaunchTests.swift */,
			);
			path = PreworkUITests;
			sourceTree = "<group>";
		};
/* End PBXGroup section */

/* Begin PBXNativeTarget section */
		B70F170D280B8E6A00B3114A /* Prework */ = {
			isa = PBXNativeTarget;
			buildConfigurationList = B70F1738280B8E6E00B3114A /* Build configuration list for PBXNativeTarget "Prework" */;
			buildPhases = (
				B70F170A280B8E6A00B3114A /* Sources */,
				B70F170B280B8E6A00B3114A /* Frameworks */,
				B70F170C280B8E6A00B3114A /* Resources */,
			);
			buildRules = (
			);
			dependencies = (
			);
			name = Prework;
			productName = Prework;
			productReference = B70F170E280B8E6A00B3114A /* Prework.app */;
			productType = "com.apple.product-type.application";
		};
		B70F1723280B8E6E00B3114A /* PreworkTests */ = {
			isa = PBXNativeTarget;
			buildConfigurationList = B70F173B280B8E6E00B3114A /* Build configuration list for PBXNativeTarget "PreworkTests" */;
			buildPhases = (
				B70F1720280B8E6E00B3114A /* Sources */,
				B70F1721280B8E6E00B3114A /* Frameworks */,
				B70F1722280B8E6E00B3114A /* Resources */,
			);
			buildRules = (
			);
			dependencies = (
				B70F1726280B8E6E00B3114A /* PBXTargetDependency */,
			);
			name = PreworkTests;
			productName = PreworkTests;
			productReference = B70F1724280B8E6E00B3114A /* PreworkTests.xctest */;
			productType = "com.apple.product-type.bundle.unit-test";
		};
		B70F172D280B8E6E00B3114A /* PreworkUITests */ = {
			isa = PBXNativeTarget;
			buildConfigurationList = B70F173E280B8E6E00B3114A /* Build configuration list for PBXNativeTarget "PreworkUITests" */;
			buildPhases = (
				B70F172A280B8E6E00B3114A /* Sources */,
				B70F172B280B8E6E00B3114A /* Frameworks */,
				B70F172C280B8E6E00B3114A /* Resources */,
			);
			buildRules = (
			);
			dependencies = (
				B70F1730280B8E6E00B3114A /* PBXTargetDependency */,
			);
			name = PreworkUITests;
			productName = PreworkUITests;
			productReference = B70F172E280B8E6E00B3114A /* PreworkUITests.xctest */;
			productType = "com.apple.product-type.bundle.ui-testing";
		};
/* End PBXNativeTarget section */

/* Begin PBXProject section */
		B70F1706280B8E6A00B3114A /* Project object */ = {
			isa = PBXProject;
			attributes = {
				BuildIndependentTargetsInParallel = 1;
				LastSwiftUpdateCheck = 1330;
				LastUpgradeCheck = 1330;
				TargetAttributes = {
					B70F170D280B8E6A00B3114A = {
						CreatedOnToolsVersion = 13.3;
					};
					B70F1723280B8E6E00B3114A = {
						CreatedOnToolsVersion = 13.3;
						TestTargetID = B70F170D280B8E6A00B3114A;
					};
					B70F172D280B8E6E00B3114A = {
						CreatedOnToolsVersion = 13.3;
						TestTargetID = B70F170D280B8E6A00B3114A;
					};
				};
			};
			buildConfigurationList = B70F1709280B8E6A00B3114A /* Build configuration list for PBXProject "Prework" */;
			compatibilityVersion = "Xcode 13.0";
			developmentRegion = en;
			hasScannedForEncodings = 0;
			knownRegions = (
				en,
				Base,
			);
			mainGroup = B70F1705280B8E6A00B3114A;
			productRefGroup = B70F170F280B8E6A00B3114A /* Products */;
			projectDirPath = "";
			projectRoot = "";
			targets = (
				B70F170D280B8E6A00B3114A /* Prework */,
				B70F1723280B8E6E00B3114A /* PreworkTests */,
				B70F172D280B8E6E00B3114A /* PreworkUITests */,
			);
		};
/* End PBXProject section */

/* Begin PBXResourcesBuildPhase section */
		B70F170C280B8E6A00B3114A /* Resources */ = {
			isa = PBXResourcesBuildPhase;
			buildActionMask = 2147483647;
			files = (
				B70F171E280B8E6E00B3114A /* LaunchScreen.storyboard in Resources */,
				B70F171B280B8E6E00B3114A /* Assets.xcassets in Resources */,
				B70F1719280B8E6A00B3114A /* Main.storyboard in Resources */,
			);
			runOnlyForDeploymentPostprocessing = 0;
		};
		B70F1722280B8E6E00B3114A /* Resources */ = {
			isa = PBXResourcesBuildPhase;
			buildActionMask = 2147483647;
			files = (
			);
			runOnlyForDeploymentPostprocessing = 0;
		};
		B70F172C280B8E6E00B3114A /* Resources */ = {
			isa = PBXResourcesBuildPhase;
			buildActionMask = 2147483647;
			files = (
			);
			runOnlyForDeploymentPostprocessing = 0;
		};
/* End PBXResourcesBuildPhase section */

/* Begin PBXSourcesBuildPhase section */
		B70F170A280B8E6A00B3114A /* Sources */ = {
			isa = PBXSourcesBuildPhase;
			buildActionMask = 2147483647;
			files = (
				B70F1716280B8E6A00B3114A /* ViewController.swift in Sources */,
				B70F1712280B8E6A00B3114A /* AppDelegate.swift in Sources */,
				B70F1714280B8E6A00B3114A /* SceneDelegate.swift in Sources */,
			);
			runOnlyForDeploymentPostprocessing = 0;
		};
		B70F1720280B8E6E00B3114A /* Sources */ = {
			isa = PBXSourcesBuildPhase;
			buildActionMask = 2147483647;
			files = (
				B70F1729280B8E6E00B3114A /* PreworkTests.swift in Sources */,
			);
			runOnlyForDeploymentPostprocessing = 0;
		};
		B70F172A280B8E6E00B3114A /* Sources */ = {
			isa = PBXSourcesBuildPhase;
			buildActionMask = 2147483647;
			files = (
				B70F1733280B8E6E00B3114A /* PreworkUITests.swift in Sources */,
				B70F1735280B8E6E00B3114A /* PreworkUITestsLaunchTests.swift in Sources */,
			);
			runOnlyForDeploymentPostprocessing = 0;
		};
/* End PBXSourcesBuildPhase section */

/* Begin PBXTargetDependency section */
		B70F1726280B8E6E00B3114A /* PBXTargetDependency */ = {
			isa = PBXTargetDependency;
			target = B70F170D280B8E6A00B3114A /* Prework */;
			targetProxy = B70F1725280B8E6E00B3114A /* PBXContainerItemProxy */;
		};
		B70F1730280B8E6E00B3114A /* PBXTargetDependency */ = {
			isa = PBXTargetDependency;
			target = B70F170D280B8E6A00B3114A /* Prework */;
			targetProxy = B70F172F280B8E6E00B3114A /* PBXContainerItemProxy */;
		};
/* End PBXTargetDependency section */

/* Begin PBXVariantGroup section */
		B70F1717280B8E6A00B3114A /* Main.storyboard */ = {
			isa = PBXVariantGroup;
			children = (
				B70F1718280B8E6A00B3114A /* Base */,
			);
			name = Main.storyboard;
			sourceTree = "<group>";
		};
		B70F171C280B8E6E00B3114A /* LaunchScreen.storyboard */ = {
			isa = PBXVariantGroup;
			children = (
				B70F171D280B8E6E00B3114A /* Base */,
			);
			name = LaunchScreen.storyboard;
			sourceTree = "<group>";
		};
/* End PBXVariantGroup section */

/* Begin XCBuildConfiguration section */
		B70F1736280B8E6E00B3114A /* Debug */ = {
			isa = XCBuildConfiguration;
			buildSettings = {
				ALWAYS_SEARCH_USER_PATHS = NO;
				CLANG_ANALYZER_NONNULL = YES;
				CLANG_ANALYZER_NUMBER_OBJECT_CONVERSION = YES_AGGRESSIVE;
				CLANG_CXX_LANGUAGE_STANDARD = "gnu++17";
				CLANG_ENABLE_MODULES = YES;
				CLANG_ENABLE_OBJC_ARC = YES;
				CLANG_ENABLE_OBJC_WEAK = YES;
				CLANG_WARN_BLOCK_CAPTURE_AUTORELEASING = YES;
				CLANG_WARN_BOOL_CONVERSION = YES;
				CLANG_WARN_COMMA = YES;
				CLANG_WARN_CONSTANT_CONVERSION = YES;
				CLANG_WARN_DEPRECATED_OBJC_IMPLEMENTATIONS = YES;
				CLANG_WARN_DIRECT_OBJC_ISA_USAGE = YES_ERROR;
				CLANG_WARN_DOCUMENTATION_COMMENTS = YES;
				CLANG_WARN_EMPTY_BODY = YES;
				CLANG_WARN_ENUM_CONVERSION = YES;
				CLANG_WARN_INFINITE_RECURSION = YES;
				CLANG_WARN_INT_CONVERSION = YES;
				CLANG_WARN_NON_LITERAL_NULL_CONVERSION = YES;
				CLANG_WARN_OBJC_IMPLICIT_RETAIN_SELF = YES;
				CLANG_WARN_OBJC_LITERAL_CONVERSION = YES;
				CLANG_WARN_OBJC_ROOT_CLASS = YES_ERROR;
				CLANG_WARN_QUOTED_INCLUDE_IN_FRAMEWORK_HEADER = YES;
				CLANG_WARN_RANGE_LOOP_ANALYSIS = YES;
				CLANG_WARN_STRICT_PROTOTYPES = YES;
				CLANG_WARN_SUSPICIOUS_MOVE = YES;
				CLANG_WARN_UNGUARDED_AVAILABILITY = YES_AGGRESSIVE;
				CLANG_WARN_UNREACHABLE_CODE = YES;
				CLANG_WARN__DUPLICATE_METHOD_MATCH = YES;
				COPY_PHASE_STRIP = NO;
				DEBUG_INFORMATION_FORMAT = dwarf;
				ENABLE_STRICT_OBJC_MSGSEND = YES;
				ENABLE_TESTABILITY = YES;
				GCC_C_LANGUAGE_STANDARD = gnu11;
				GCC_DYNAMIC_NO_PIC = NO;
				GCC_NO_COMMON_BLOCKS = YES;
				GCC_OPTIMIZATION_LEVEL = 0;
				GCC_PREPROCESSOR_DEFINITIONS = (
					"DEBUG=1",
					"$(inherited)",
				);
				GCC_WARN_64_TO_32_BIT_CONVERSION = YES;
				GCC_WARN_ABOUT_RETURN_TYPE = YES_ERROR;
				GCC_WARN_UNDECLARED_SELECTOR = YES;
				GCC_WARN_UNINITIALIZED_AUTOS = YES_AGGRESSIVE;
				GCC_WARN_UNUSED_FUNCTION = YES;
				GCC_WARN_UNUSED_VARIABLE = YES;
				IPHONEOS_DEPLOYMENT_TARGET = 15.4;
				MTL_ENABLE_DEBUG_INFO = INCLUDE_SOURCE;
				MTL_FAST_MATH = YES;
				ONLY_ACTIVE_ARCH = YES;
				SDKROOT = iphoneos;
				SWIFT_ACTIVE_COMPILATION_CONDITIONS = DEBUG;
				SWIFT_OPTIMIZATION_LEVEL = "-Onone";
			};
			name = Debug;
		};
		B70F1737280B8E6E00B3114A /* Release */ = {
			isa = XCBuildConfiguration;
			buildSettings = {
				ALWAYS_SEARCH_USER_PATHS = NO;
				CLANG_ANALYZER_NONNULL = YES;
				CLANG_ANALYZER_NUMBER_OBJECT_CONVERSION = YES_AGGRESSIVE;
				CLANG_CXX_LANGUAGE_STANDARD = "gnu++17";
				CLANG_ENABLE_MODULES = YES;
				CLANG_ENABLE_OBJC_ARC = YES;
				CLANG_ENABLE_OBJC_WEAK = YES;
				CLANG_WARN_BLOCK_CAPTURE_AUTORELEASING = YES;
				CLANG_WARN_BOOL_CONVERSION = YES;
				CLANG_WARN_COMMA = YES;
				CLANG_WARN_CONSTANT_CONVERSION = YES;
				CLANG_WARN_DEPRECATED_OBJC_IMPLEMENTATIONS = YES;
				CLANG_WARN_DIRECT_OBJC_ISA_USAGE = YES_ERROR;
				CLANG_WARN_DOCUMENTATION_COMMENTS = YES;
				CLANG_WARN_EMPTY_BODY = YES;
				CLANG_WARN_ENUM_CONVERSION = YES;
				CLANG_WARN_INFINITE_RECURSION = YES;
				CLANG_WARN_INT_CONVERSION = YES;
				CLANG_WARN_NON_LITERAL_NULL_CONVERSION = YES;
				CLANG_WARN_OBJC_IMPLICIT_RETAIN_SELF = YES;
				CLANG_WARN_OBJC_LITERAL_CONVERSION = YES;
				CLANG_WARN_OBJC_ROOT_CLASS = YES_ERROR;
				CLANG_WARN_QUOTED_INCLUDE_IN_FRAMEWORK_HEADER = YES;
				CLANG_WARN_RANGE_LOOP_ANALYSIS = YES;
				CLANG_WARN_STRICT_PROTOTYPES = YES;
				CLANG_WARN_SUSPICIOUS_MOVE = YES;
				CLANG_WARN_UNGUARDED_AVAILABILITY = YES_AGGRESSIVE;
				CLANG_WARN_UNREACHABLE_CODE = YES;
				CLANG_WARN__DUPLICATE_METHOD_MATCH = YES;
				COPY_PHASE_STRIP = NO;
				DEBUG_INFORMATION_FORMAT = "dwarf-with-dsym";
				ENABLE_NS_ASSERTIONS = NO;
				ENABLE_STRICT_OBJC_MSGSEND = YES;
				GCC_C_LANGUAGE_STANDARD = gnu11;
				GCC_NO_COMMON_BLOCKS = YES;
				GCC_WARN_64_TO_32_BIT_CONVERSION = YES;
				GCC_WARN_ABOUT_RETURN_TYPE = YES_ERROR;
				GCC_WARN_UNDECLARED_SELECTOR = YES;
				GCC_WARN_UNINITIALIZED_AUTOS = YES_AGGRESSIVE;
				GCC_WARN_UNUSED_FUNCTION = YES;
				GCC_WARN_UNUSED_VARIABLE = YES;
				IPHONEOS_DEPLOYMENT_TARGET = 15.4;
				MTL_ENABLE_DEBUG_INFO = NO;
				MTL_FAST_MATH = YES;
				SDKROOT = iphoneos;
				SWIFT_COMPILATION_MODE = wholemodule;
				SWIFT_OPTIMIZATION_LEVEL = "-O";
				VALIDATE_PRODUCT = YES;
			};
			name = Release;
		};
		B70F1739280B8E6E00B3114A /* Debug */ = {
			isa = XCBuildConfiguration;
			buildSettings = {
				ASSETCATALOG_COMPILER_APPICON_NAME = AppIcon;
				ASSETCATALOG_COMPILER_GLOBAL_ACCENT_COLOR_NAME = AccentColor;
				CODE_SIGN_STYLE = Automatic;
				CURRENT_PROJECT_VERSION = 1;
				GENERATE_INFOPLIST_FILE = YES;
				INFOPLIST_FILE = Prework/Info.plist;
				INFOPLIST_KEY_UIApplicationSupportsIndirectInputEvents = YES;
				INFOPLIST_KEY_UILaunchStoryboardName = LaunchScreen;
				INFOPLIST_KEY_UIMainStoryboardFile = Main;
				INFOPLIST_KEY_UISupportedInterfaceOrientations_iPad = "UIInterfaceOrientationPortrait UIInterfaceOrientationPortraitUpsideDown UIInterfaceOrientationLandscapeLeft UIInterfaceOrientationLandscapeRight";
				INFOPLIST_KEY_UISupportedInterfaceOrientations_iPhone = "UIInterfaceOrientationPortrait UIInterfaceOrientationLandscapeLeft UIInterfaceOrientationLandscapeRight";
				LD_RUNPATH_SEARCH_PATHS = (
					"$(inherited)",
					"@executable_path/Frameworks",
				);
				MARKETING_VERSION = 1.0;
				PRODUCT_BUNDLE_IDENTIFIER = memo.com.Prework;
				PRODUCT_NAME = "$(TARGET_NAME)";
				SWIFT_EMIT_LOC_STRINGS = YES;
				SWIFT_VERSION = 5.0;
				TARGETED_DEVICE_FAMILY = "1,2";
			};
			name = Debug;
		};
		B70F173A280B8E6E00B3114A /* Release */ = {
			isa = XCBuildConfiguration;
			buildSettings = {
				ASSETCATALOG_COMPILER_APPICON_NAME = AppIcon;
				ASSETCATALOG_COMPILER_GLOBAL_ACCENT_COLOR_NAME = AccentColor;
				CODE_SIGN_STYLE = Automatic;
				CURRENT_PROJECT_VERSION = 1;
				GENERATE_INFOPLIST_FILE = YES;
				INFOPLIST_FILE = Prework/Info.plist;
				INFOPLIST_KEY_UIApplicationSupportsIndirectInputEvents = YES;
				INFOPLIST_KEY_UILaunchStoryboardName = LaunchScreen;
				INFOPLIST_KEY_UIMainStoryboardFile = Main;
				INFOPLIST_KEY_UISupportedInterfaceOrientations_iPad = "UIInterfaceOrientationPortrait UIInterfaceOrientationPortraitUpsideDown UIInterfaceOrientationLandscapeLeft UIInterfaceOrientationLandscapeRight";
				INFOPLIST_KEY_UISupportedInterfaceOrientations_iPhone = "UIInterfaceOrientationPortrait UIInterfaceOrientationLandscapeLeft UIInterfaceOrientationLandscapeRight";
				LD_RUNPATH_SEARCH_PATHS = (
					"$(inherited)",
					"@executable_path/Frameworks",
				);
				MARKETING_VERSION = 1.0;
				PRODUCT_BUNDLE_IDENTIFIER = memo.com.Prework;
				PRODUCT_NAME = "$(TARGET_NAME)";
				SWIFT_EMIT_LOC_STRINGS = YES;
				SWIFT_VERSION = 5.0;
				TARGETED_DEVICE_FAMILY = "1,2";
			};
			name = Release;
		};
		B70F173C280B8E6E00B3114A /* Debug */ = {
			isa = XCBuildConfiguration;
			buildSettings = {
				ALWAYS_EMBED_SWIFT_STANDARD_LIBRARIES = YES;
				BUNDLE_LOADER = "$(TEST_HOST)";
				CODE_SIGN_STYLE = Automatic;
				CURRENT_PROJECT_VERSION = 1;
				GENERATE_INFOPLIST_FILE = YES;
				IPHONEOS_DEPLOYMENT_TARGET = 15.4;
				MARKETING_VERSION = 1.0;
				PRODUCT_BUNDLE_IDENTIFIER = memo.com.PreworkTests;
				PRODUCT_NAME = "$(TARGET_NAME)";
				SWIFT_EMIT_LOC_STRINGS = NO;
				SWIFT_VERSION = 5.0;
				TARGETED_DEVICE_FAMILY = "1,2";
				TEST_HOST = "$(BUILT_PRODUCTS_DIR)/Prework.app/Prework";
			};
			name = Debug;
		};
		B70F173D280B8E6E00B3114A /* Release */ = {
			isa = XCBuildConfiguration;
			buildSettings = {
				ALWAYS_EMBED_SWIFT_STANDARD_LIBRARIES = YES;
				BUNDLE_LOADER = "$(TEST_HOST)";
				CODE_SIGN_STYLE = Automatic;
				CURRENT_PROJECT_VERSION = 1;
				GENERATE_INFOPLIST_FILE = YES;
				IPHONEOS_DEPLOYMENT_TARGET = 15.4;
				MARKETING_VERSION = 1.0;
				PRODUCT_BUNDLE_IDENTIFIER = memo.com.PreworkTests;
				PRODUCT_NAME = "$(TARGET_NAME)";
				SWIFT_EMIT_LOC_STRINGS = NO;
				SWIFT_VERSION = 5.0;
				TARGETED_DEVICE_FAMILY = "1,2";
				TEST_HOST = "$(BUILT_PRODUCTS_DIR)/Prework.app/Prework";
			};
			name = Release;
		};
		B70F173F280B8E6E00B3114A /* Debug */ = {
			isa = XCBuildConfiguration;
			buildSettings = {
				ALWAYS_EMBED_SWIFT_STANDARD_LIBRARIES = YES;
				CODE_SIGN_STYLE = Automatic;
				CURRENT_PROJECT_VERSION = 1;
				GENERATE_INFOPLIST_FILE = YES;
				MARKETING_VERSION = 1.0;
				PRODUCT_BUNDLE_IDENTIFIER = memo.com.PreworkUITests;
				PRODUCT_NAME = "$(TARGET_NAME)";
				SWIFT_EMIT_LOC_STRINGS = NO;
				SWIFT_VERSION = 5.0;
				TARGETED_DEVICE_FAMILY = "1,2";
				TEST_TARGET_NAME = Prework;
			};
			name = Debug;
		};
		B70F1740280B8E6E00B3114A /* Release */ = {
			isa = XCBuildConfiguration;
			buildSettings = {
				ALWAYS_EMBED_SWIFT_STANDARD_LIBRARIES = YES;
				CODE_SIGN_STYLE = Automatic;
				CURRENT_PROJECT_VERSION = 1;
				GENERATE_INFOPLIST_FILE = YES;
				MARKETING_VERSION = 1.0;
				PRODUCT_BUNDLE_IDENTIFIER = memo.com.PreworkUITests;
				PRODUCT_NAME = "$(TARGET_NAME)";
				SWIFT_EMIT_LOC_STRINGS = NO;
				SWIFT_VERSION = 5.0;
				TARGETED_DEVICE_FAMILY = "1,2";
				TEST_TARGET_NAME = Prework;
			};
			name = Release;
		};
/* End XCBuildConfiguration section */

/* Begin XCConfigurationList section */
		B70F1709280B8E6A00B3114A /* Build configuration list for PBXProject "Prework" */ = {
			isa = XCConfigurationList;
			buildConfigurations = (
				B70F1736280B8E6E00B3114A /* Debug */,
				B70F1737280B8E6E00B3114A /* Release */,
			);
			defaultConfigurationIsVisible = 0;
			defaultConfigurationName = Release;
		};
		B70F1738280B8E6E00B3114A /* Build configuration list for PBXNativeTarget "Prework" */ = {
			isa = XCConfigurationList;
			buildConfigurations = (
				B70F1739280B8E6E00B3114A /* Debug */,
				B70F173A280B8E6E00B3114A /* Release */,
			);
			defaultConfigurationIsVisible = 0;
			defaultConfigurationName = Release;
		};
		B70F173B280B8E6E00B3114A /* Build configuration list for PBXNativeTarget "PreworkTests" */ = {
			isa = XCConfigurationList;
			buildConfigurations = (
				B70F173C280B8E6E00B3114A /* Debug */,
				B70F173D280B8E6E00B3114A /* Release */,
			);
			defaultConfigurationIsVisible = 0;
			defaultConfigurationName = Release;
		};
		B70F173E280B8E6E00B3114A /* Build configuration list for PBXNativeTarget "PreworkUITests" */ = {
			isa = XCConfigurationList;
			buildConfigurations = (
				B70F173F280B8E6E00B3114A /* Debug */,
				B70F1740280B8E6E00B3114A /* Release */,
			);
			defaultConfigurationIsVisible = 0;
			defaultConfigurationName = Release;
		};
/* End XCConfigurationList section */
	};
	rootObject = B70F1706280B8E6A00B3114A /* Project object */;
}
